
Microsoft Visual Studio Solution File, Format Version 12.00
# Visual Studio Version 17
VisualStudioVersion = 17.14.36623.8 d17.14
MinimumVisualStudioVersion = 10.0.40219.1
Project("{FAE04EC0-301F-11D3-BF4B-00C04F79EFBC}") = "лаба 4.1", "лаба 4.1\лаба 4.1.csproj", "{F7EB22EC-0A4E-44AA-A512-5B303B7AC01B}"
EndProject
Global
	GlobalSection(SolutionConfigurationPlatforms) = preSolution
		Debug|Any CPU = Debug|Any CPU
		Release|Any CPU = Release|Any CPU
	EndGlobalSection
	GlobalSection(ProjectConfigurationPlatforms) = postSolution
		{F7EB22EC-0A4E-44AA-A512-5B303B7AC01B}.Debug|Any CPU.ActiveCfg = Debug|Any CPU
		{F7EB22EC-0A4E-44AA-A512-5B303B7AC01B}.Debug|Any CPU.Build.0 = Debug|Any CPU
		{F7EB22EC-0A4E-44AA-A512-5B303B7AC01B}.Release|Any CPU.ActiveCfg = Release|Any CPU
		{F7EB22EC-0A4E-44AA-A512-5B303B7AC01B}.Release|Any CPU.Build.0 = Release|Any CPU
	EndGlobalSection
	GlobalSection(SolutionProperties) = preSolution
		HideSolutionNode = FALSE
	EndGlobalSection
	GlobalSection(ExtensibilityGlobals) = postSolution
		SolutionGuid = {9F0C7D08-AC29-4A16-A3FF-F4374761D3F9}
	EndGlobalSection
EndGlobal
